
Microsoft Visual Studio Solution File, Format Version 12.00
# Visual Studio Version 17
VisualStudioVersion = 17.7.34031.279
MinimumVisualStudioVersion = 10.0.40219.1
Project("{FAE04EC0-301F-11D3-BF4B-00C04F79EFBC}") = "Selena01", "Selena01.csproj", "{E70CA496-AB4E-4C49-9BCC-8515A1039CC4}"
EndProject
Global
	GlobalSection(SolutionConfigurationPlatforms) = preSolution
		Debug|Any CPU = Debug|Any CPU
		Release|Any CPU = Release|Any CPU
	EndGlobalSection
	GlobalSection(ProjectConfigurationPlatforms) = postSolution
		{E70CA496-AB4E-4C49-9BCC-8515A1039CC4}.Debug|Any CPU.ActiveCfg = Debug|Any CPU
		{E70CA496-AB4E-4C49-9BCC-8515A1039CC4}.Debug|Any CPU.Build.0 = Debug|Any CPU
		{E70CA496-AB4E-4C49-9BCC-8515A1039CC4}.Release|Any CPU.ActiveCfg = Release|Any CPU
		{E70CA496-AB4E-4C49-9BCC-8515A1039CC4}.Release|Any CPU.Build.0 = Release|Any CPU
	EndGlobalSection
	GlobalSection(SolutionProperties) = preSolution
		HideSolutionNode = FALSE
	EndGlobalSection
	GlobalSection(ExtensibilityGlobals) = postSolution
		SolutionGuid = {2296E3E2-B25E-44BC-AF2F-63E965EE4884}
	EndGlobalSection
EndGlobal
